
Microsoft Visual Studio Solution File, Format Version 12.00
# Visual Studio 2013
VisualStudioVersion = 12.0.21005.1
MinimumVisualStudioVersion = 10.0.40219.1
Project("{F2A71F9B-5D33-465A-A702-920D77279786}") = "QRCodesRUs.Web", "QRCodesRUs.Web\QRCodesRUs.Web.fsproj", "{75C1E13A-034B-4CAB-9B9B-CAE1D74DBFFA}"
EndProject
Project("{F2A71F9B-5D33-465A-A702-920D77279786}") = "QRCodesRUs.CodeGeneration", "QRCodesRUs.CodeGeneration\QRCodesRUs.CodeGeneration.fsproj", "{8D106F3A-5E0E-45D9-8A6E-09D207F0A87E}"
EndProject
Project("{2150E333-8FDC-42A3-9474-1A3956D46DE8}") = ".nuget", ".nuget", "{DD9B3E9C-5CC2-430F-A946-0FDAC39EF8A2}"
	ProjectSection(SolutionItems) = preProject
		.nuget\packages.config = .nuget\packages.config
	EndProjectSection
EndProject
Project("{F2A71F9B-5D33-465A-A702-920D77279786}") = "QRCodesRUs.Web.ViewModels", "QRCodesRUs.Web.ViewModels\QRCodesRUs.Web.ViewModels.fsproj", "{40DBAF50-B3EA-4D06-818D-13C6DB10F356}"
EndProject
Project("{F2A71F9B-5D33-465A-A702-920D77279786}") = "QRCodesRUs.Web.Model", "QRCodesRUs.Web.Model\QRCodesRUs.Web.Model.fsproj", "{372E972A-E0A0-4792-BF5A-A3F22AC39B00}"
EndProject
Global
	GlobalSection(SolutionConfigurationPlatforms) = preSolution
		Debug|Any CPU = Debug|Any CPU
		Release|Any CPU = Release|Any CPU
	EndGlobalSection
	GlobalSection(ProjectConfigurationPlatforms) = postSolution
		{75C1E13A-034B-4CAB-9B9B-CAE1D74DBFFA}.Debug|Any CPU.ActiveCfg = Debug|Any CPU
		{75C1E13A-034B-4CAB-9B9B-CAE1D74DBFFA}.Debug|Any CPU.Build.0 = Debug|Any CPU
		{75C1E13A-034B-4CAB-9B9B-CAE1D74DBFFA}.Release|Any CPU.ActiveCfg = Release|Any CPU
		{75C1E13A-034B-4CAB-9B9B-CAE1D74DBFFA}.Release|Any CPU.Build.0 = Release|Any CPU
		{8D106F3A-5E0E-45D9-8A6E-09D207F0A87E}.Debug|Any CPU.ActiveCfg = Debug|Any CPU
		{8D106F3A-5E0E-45D9-8A6E-09D207F0A87E}.Debug|Any CPU.Build.0 = Debug|Any CPU
		{8D106F3A-5E0E-45D9-8A6E-09D207F0A87E}.Release|Any CPU.ActiveCfg = Release|Any CPU
		{8D106F3A-5E0E-45D9-8A6E-09D207F0A87E}.Release|Any CPU.Build.0 = Release|Any CPU
		{40DBAF50-B3EA-4D06-818D-13C6DB10F356}.Debug|Any CPU.ActiveCfg = Debug|Any CPU
		{40DBAF50-B3EA-4D06-818D-13C6DB10F356}.Debug|Any CPU.Build.0 = Debug|Any CPU
		{40DBAF50-B3EA-4D06-818D-13C6DB10F356}.Release|Any CPU.ActiveCfg = Release|Any CPU
		{40DBAF50-B3EA-4D06-818D-13C6DB10F356}.Release|Any CPU.Build.0 = Release|Any CPU
		{372E972A-E0A0-4792-BF5A-A3F22AC39B00}.Debug|Any CPU.ActiveCfg = Debug|Any CPU
		{372E972A-E0A0-4792-BF5A-A3F22AC39B00}.Debug|Any CPU.Build.0 = Debug|Any CPU
		{372E972A-E0A0-4792-BF5A-A3F22AC39B00}.Release|Any CPU.ActiveCfg = Release|Any CPU
		{372E972A-E0A0-4792-BF5A-A3F22AC39B00}.Release|Any CPU.Build.0 = Release|Any CPU
	EndGlobalSection
	GlobalSection(SolutionProperties) = preSolution
		HideSolutionNode = FALSE
	EndGlobalSection
EndGlobal
